
Microsoft Visual Studio Solution File, Format Version 12.00
# Visual Studio Version 17
VisualStudioVersion = 17.6.33829.357
MinimumVisualStudioVersion = 10.0.40219.1
Project("{9A19103F-16F7-4668-BE54-9A1E7A4F7556}") = "Cursos.Aplicaton", "Cursos.Aplicaton\Cursos.Aplicaton.csproj", "{6B5C5165-CDA5-4F90-B30C-7C2EAC4F9F6E}"
EndProject
Project("{9A19103F-16F7-4668-BE54-9A1E7A4F7556}") = "Cursos.Domain", "Cursos.Domain\Cursos.Domain.csproj", "{B850E02A-E7CF-4FFC-BA8C-993B1691F2FD}"
EndProject
Project("{9A19103F-16F7-4668-BE54-9A1E7A4F7556}") = "Cursos.Infra", "Cursos.Infra\Cursos.Infra.csproj", "{A07EED4F-FDD1-4845-AE6B-A3A11FA07662}"
EndProject
Project("{9A19103F-16F7-4668-BE54-9A1E7A4F7556}") = "Cursos.WebApi", "Cursos.WebApi\Cursos.WebApi.csproj", "{16C128FB-BCCB-497A-BC58-0293180C7395}"
EndProject
Global
	GlobalSection(SolutionConfigurationPlatforms) = preSolution
		Debug|Any CPU = Debug|Any CPU
		Release|Any CPU = Release|Any CPU
	EndGlobalSection
	GlobalSection(ProjectConfigurationPlatforms) = postSolution
		{6B5C5165-CDA5-4F90-B30C-7C2EAC4F9F6E}.Debug|Any CPU.ActiveCfg = Debug|Any CPU
		{6B5C5165-CDA5-4F90-B30C-7C2EAC4F9F6E}.Debug|Any CPU.Build.0 = Debug|Any CPU
		{6B5C5165-CDA5-4F90-B30C-7C2EAC4F9F6E}.Release|Any CPU.ActiveCfg = Release|Any CPU
		{6B5C5165-CDA5-4F90-B30C-7C2EAC4F9F6E}.Release|Any CPU.Build.0 = Release|Any CPU
		{B850E02A-E7CF-4FFC-BA8C-993B1691F2FD}.Debug|Any CPU.ActiveCfg = Debug|Any CPU
		{B850E02A-E7CF-4FFC-BA8C-993B1691F2FD}.Debug|Any CPU.Build.0 = Debug|Any CPU
		{B850E02A-E7CF-4FFC-BA8C-993B1691F2FD}.Release|Any CPU.ActiveCfg = Release|Any CPU
		{B850E02A-E7CF-4FFC-BA8C-993B1691F2FD}.Release|Any CPU.Build.0 = Release|Any CPU
		{A07EED4F-FDD1-4845-AE6B-A3A11FA07662}.Debug|Any CPU.ActiveCfg = Debug|Any CPU
		{A07EED4F-FDD1-4845-AE6B-A3A11FA07662}.Debug|Any CPU.Build.0 = Debug|Any CPU
		{A07EED4F-FDD1-4845-AE6B-A3A11FA07662}.Release|Any CPU.ActiveCfg = Release|Any CPU
		{A07EED4F-FDD1-4845-AE6B-A3A11FA07662}.Release|Any CPU.Build.0 = Release|Any CPU
		{16C128FB-BCCB-497A-BC58-0293180C7395}.Debug|Any CPU.ActiveCfg = Debug|Any CPU
		{16C128FB-BCCB-497A-BC58-0293180C7395}.Debug|Any CPU.Build.0 = Debug|Any CPU
		{16C128FB-BCCB-497A-BC58-0293180C7395}.Release|Any CPU.ActiveCfg = Release|Any CPU
		{16C128FB-BCCB-497A-BC58-0293180C7395}.Release|Any CPU.Build.0 = Release|Any CPU
	EndGlobalSection
	GlobalSection(SolutionProperties) = preSolution
		HideSolutionNode = FALSE
	EndGlobalSection
	GlobalSection(ExtensibilityGlobals) = postSolution
		SolutionGuid = {27C1165F-D35A-49CD-B855-8DB9C223BF49}
	EndGlobalSection
EndGlobal
